
Microsoft Visual Studio Solution File, Format Version 12.00
# Visual Studio Version 16
VisualStudioVersion = 16.0.29512.175
MinimumVisualStudioVersion = 10.0.40219.1
Project("{FAE04EC0-301F-11D3-BF4B-00C04F79EFBC}") = "Linq2OData.Client.Tests", "Linq2OData.Client.Tests\Linq2OData.Client.Tests.csproj", "{76B61EBD-C3B9-4CF4-B9D9-C79F169FEF5C}"
EndProject
Project("{FAE04EC0-301F-11D3-BF4B-00C04F79EFBC}") = "Linq2OData.Client", "Linq2OData.Client\Linq2OData.Client.csproj", "{8FD16C2A-62B8-47B1-AA20-00AAC0637D18}"
EndProject
Project("{FAE04EC0-301F-11D3-BF4B-00C04F79EFBC}") = "Linq2OData.Server.Tests", "Linq2OData.Server.Tests\Linq2OData.Server.Tests.csproj", "{8E3E5D68-EA44-4D49-B99D-C83842113D84}"
EndProject
Project("{2150E333-8FDC-42A3-9474-1A3956D46DE8}") = "Tests", "Tests", "{FDE08A0B-1135-47F9-A60B-61BDC5FD0F41}"
EndProject
Project("{2150E333-8FDC-42A3-9474-1A3956D46DE8}") = "Server", "Server", "{F9FC5F08-C69C-47A1-B1DD-0E78B516C930}"
EndProject
Project("{9A19103F-16F7-4668-BE54-9A1E7A4F7556}") = "Linq2OData.Server", "Linq2OData.Server\Linq2OData.Server.csproj", "{69E49BB0-8E1A-4060-9FFA-52288B03D6DE}"
EndProject
Global
	GlobalSection(SolutionConfigurationPlatforms) = preSolution
		Debug|Any CPU = Debug|Any CPU
		Release|Any CPU = Release|Any CPU
	EndGlobalSection
	GlobalSection(ProjectConfigurationPlatforms) = postSolution
		{76B61EBD-C3B9-4CF4-B9D9-C79F169FEF5C}.Debug|Any CPU.ActiveCfg = Debug|Any CPU
		{76B61EBD-C3B9-4CF4-B9D9-C79F169FEF5C}.Debug|Any CPU.Build.0 = Debug|Any CPU
		{76B61EBD-C3B9-4CF4-B9D9-C79F169FEF5C}.Release|Any CPU.ActiveCfg = Release|Any CPU
		{76B61EBD-C3B9-4CF4-B9D9-C79F169FEF5C}.Release|Any CPU.Build.0 = Release|Any CPU
		{8FD16C2A-62B8-47B1-AA20-00AAC0637D18}.Debug|Any CPU.ActiveCfg = Debug|Any CPU
		{8FD16C2A-62B8-47B1-AA20-00AAC0637D18}.Debug|Any CPU.Build.0 = Debug|Any CPU
		{8FD16C2A-62B8-47B1-AA20-00AAC0637D18}.Release|Any CPU.ActiveCfg = Release|Any CPU
		{8FD16C2A-62B8-47B1-AA20-00AAC0637D18}.Release|Any CPU.Build.0 = Release|Any CPU
		{8E3E5D68-EA44-4D49-B99D-C83842113D84}.Debug|Any CPU.ActiveCfg = Debug|Any CPU
		{8E3E5D68-EA44-4D49-B99D-C83842113D84}.Debug|Any CPU.Build.0 = Debug|Any CPU
		{8E3E5D68-EA44-4D49-B99D-C83842113D84}.Release|Any CPU.ActiveCfg = Release|Any CPU
		{8E3E5D68-EA44-4D49-B99D-C83842113D84}.Release|Any CPU.Build.0 = Release|Any CPU
		{69E49BB0-8E1A-4060-9FFA-52288B03D6DE}.Debug|Any CPU.ActiveCfg = Debug|Any CPU
		{69E49BB0-8E1A-4060-9FFA-52288B03D6DE}.Debug|Any CPU.Build.0 = Debug|Any CPU
		{69E49BB0-8E1A-4060-9FFA-52288B03D6DE}.Release|Any CPU.ActiveCfg = Release|Any CPU
		{69E49BB0-8E1A-4060-9FFA-52288B03D6DE}.Release|Any CPU.Build.0 = Release|Any CPU
	EndGlobalSection
	GlobalSection(SolutionProperties) = preSolution
		HideSolutionNode = FALSE
	EndGlobalSection
	GlobalSection(NestedProjects) = preSolution
		{76B61EBD-C3B9-4CF4-B9D9-C79F169FEF5C} = {FDE08A0B-1135-47F9-A60B-61BDC5FD0F41}
		{8E3E5D68-EA44-4D49-B99D-C83842113D84} = {FDE08A0B-1135-47F9-A60B-61BDC5FD0F41}
		{69E49BB0-8E1A-4060-9FFA-52288B03D6DE} = {F9FC5F08-C69C-47A1-B1DD-0E78B516C930}
	EndGlobalSection
	GlobalSection(ExtensibilityGlobals) = postSolution
		SolutionGuid = {3E73BCC5-EE74-4B5A-97D5-DCBE3714AF79}
	EndGlobalSection
EndGlobal
